// !$*UTF8*$!
{
	archiveVersion = 1;
	classes = {
	};
	objectVersion = 46;
	objects = {

/* Begin PBXBuildFile section */
		71A0BB4D1C1859CD0019BBD9 /* main.m in Sources */ = {isa = PBXBuildFile; fileRef = 71A0BB4C1C1859CD0019BBD9 /* main.m */; };
		71A0BB501C1859CD0019BBD9 /* AppDelegate.m in Sources */ = {isa = PBXBuildFile; fileRef = 71A0BB4F1C1859CD0019BBD9 /* AppDelegate.m */; };
		71A0BB531C1859CD0019BBD9 /* MasterViewController.m in Sources */ = {isa = PBXBuildFile; fileRef = 71A0BB521C1859CD0019BBD9 /* MasterViewController.m */; };
		71A0BB561C1859CD0019BBD9 /* DetailViewController.m in Sources */ = {isa = PBXBuildFile; fileRef = 71A0BB551C1859CD0019BBD9 /* DetailViewController.m */; };
		71A0BB591C1859CD0019BBD9 /* Main.storyboard in Resources */ = {isa = PBXBuildFile; fileRef = 71A0BB571C1859CD0019BBD9 /* Main.storyboard */; };
		71A0BB5B1C1859CD0019BBD9 /* Assets.xcassets in Resources */ = {isa = PBXBuildFile; fileRef = 71A0BB5A1C1859CD0019BBD9 /* Assets.xcassets */; };
		71A0BB5E1C1859CD0019BBD9 /* LaunchScreen.storyboard in Resources */ = {isa = PBXBuildFile; fileRef = 71A0BB5C1C1859CD0019BBD9 /* LaunchScreen.storyboard */; };
		71A0BB691C1859CD0019BBD9 /* TestRetainCountTests.m in Sources */ = {isa = PBXBuildFile; fileRef = 71A0BB681C1859CD0019BBD9 /* TestRetainCountTests.m */; };
		71A0BB741C1859CD0019BBD9 /* TestRetainCountUITests.m in Sources */ = {isa = PBXBuildFile; fileRef = 71A0BB731C1859CD0019BBD9 /* TestRetainCountUITests.m */; };
/* End PBXBuildFile section */

/* Begin PBXContainerItemProxy section */
		71A0BB651C1859CD0019BBD9 /* PBXContainerItemProxy */ = {
			isa = PBXContainerItemProxy;
			containerPortal = 71A0BB401C1859CD0019BBD9 /* Project object */;
			proxyType = 1;
			remoteGlobalIDString = 71A0BB471C1859CD0019BBD9;
			remoteInfo = TestRetainCount;
		};
		71A0BB701C1859CD0019BBD9 /* PBXContainerItemProxy */ = {
			isa = PBXContainerItemProxy;
			containerPortal = 71A0BB401C1859CD0019BBD9 /* Project object */;
			proxyType = 1;
			remoteGlobalIDString = 71A0BB471C1859CD0019BBD9;
			remoteInfo = TestRetainCount;
		};
/* End PBXContainerItemProxy section */

/* Begin PBXFileReference section */
		71A0BB481C1859CD0019BBD9 /* TestRetainCount.app */ = {isa = PBXFileReference; explicitFileType = wrapper.application; includeInIndex = 0; path = TestRetainCount.app; sourceTree = BUILT_PRODUCTS_DIR; };
		71A0BB4C1C1859CD0019BBD9 /* main.m */ = {isa = PBXFileReference; lastKnownFileType = sourcecode.c.objc; path = main.m; sourceTree = "<group>"; };
		71A0BB4E1C1859CD0019BBD9 /* AppDelegate.h */ = {isa = PBXFileReference; lastKnownFileType = sourcecode.c.h; path = AppDelegate.h; sourceTree = "<group>"; };
		71A0BB4F1C1859CD0019BBD9 /* AppDelegate.m */ = {isa = PBXFileReference; lastKnownFileType = sourcecode.c.objc; path = AppDelegate.m; sourceTree = "<group>"; };
		71A0BB511C1859CD0019BBD9 /* MasterViewController.h */ = {isa = PBXFileReference; lastKnownFileType = sourcecode.c.h; path = MasterViewController.h; sourceTree = "<group>"; };
		71A0BB521C1859CD0019BBD9 /* MasterViewController.m */ = {isa = PBXFileReference; lastKnownFileType = sourcecode.c.objc; path = MasterViewController.m; sourceTree = "<group>"; };
		71A0BB541C1859CD0019BBD9 /* DetailViewController.h */ = {isa = PBXFileReference; lastKnownFileType = sourcecode.c.h; path = DetailViewController.h; sourceTree = "<group>"; };
		71A0BB551C1859CD0019BBD9 /* DetailViewController.m */ = {isa = PBXFileReference; lastKnownFileType = sourcecode.c.objc; path = DetailViewController.m; sourceTree = "<group>"; };
		71A0BB581C1859CD0019BBD9 /* Base */ = {isa = PBXFileReference; lastKnownFileType = file.storyboard; name = Base; path = Base.lproj/Main.storyboard; sourceTree = "<group>"; };
		71A0BB5A1C1859CD0019BBD9 /* Assets.xcassets */ = {isa = PBXFileReference; lastKnownFileType = folder.assetcatalog; path = Assets.xcassets; sourceTree = "<group>"; };
		71A0BB5D1C1859CD0019BBD9 /* Base */ = {isa = PBXFileReference; lastKnownFileType = file.storyboard; name = Base; path = Base.lproj/LaunchScreen.storyboard; sourceTree = "<group>"; };
		71A0BB5F1C1859CD0019BBD9 /* Info.plist */ = {isa = PBXFileReference; lastKnownFileType = text.plist.xml; path = Info.plist; sourceTree = "<group>"; };
		71A0BB641C1859CD0019BBD9 /* TestRetainCountTests.xctest */ = {isa = PBXFileReference; explicitFileType = wrapper.cfbundle; includeInIndex = 0; path = TestRetainCountTests.xctest; sourceTree = BUILT_PRODUCTS_DIR; };
		71A0BB681C1859CD0019BBD9 /* TestRetainCountTests.m */ = {isa = PBXFileReference; lastKnownFileType = sourcecode.c.objc; path = TestRetainCountTests.m; sourceTree = "<group>"; };
		71A0BB6A1C1859CD0019BBD9 /* Info.plist */ = {isa = PBXFileReference; lastKnownFileType = text.plist.xml; path = Info.plist; sourceTree = "<group>"; };
		71A0BB6F1C1859CD0019BBD9 /* TestRetainCountUITests.xctest */ = {isa = PBXFileReference; explicitFileType = wrapper.cfbundle; includeInIndex = 0; path = TestRetainCountUITests.xctest; sourceTree = BUILT_PRODUCTS_DIR; };
		71A0BB731C1859CD0019BBD9 /* TestRetainCountUITests.m */ = {isa = PBXFileReference; lastKnownFileType = sourcecode.c.objc; path = TestRetainCountUITests.m; sourceTree = "<group>"; };
		71A0BB751C1859CD0019BBD9 /* Info.plist */ = {isa = PBXFileReference; lastKnownFileType = text.plist.xml; path = Info.plist; sourceTree = "<group>"; };
/* End PBXFileReference section */

/* Begin PBXFrameworksBuildPhase section */
		71A0BB451C1859CD0019BBD9 /* Frameworks */ = {
			isa = PBXFrameworksBuildPhase;
			buildActionMask = 2147483647;
			files = (
			);
			runOnlyForDeploymentPostprocessing = 0;
		};
		71A0BB611C1859CD0019BBD9 /* Frameworks */ = {
			isa = PBXFrameworksBuildPhase;
			buildActionMask = 2147483647;
			files = (
			);
			runOnlyForDeploymentPostprocessing = 0;
		};
		71A0BB6C1C1859CD0019BBD9 /* Frameworks */ = {
			isa = PBXFrameworksBuildPhase;
			buildActionMask = 2147483647;
			files = (
			);
			runOnlyForDeploymentPostprocessing = 0;
		};
/* End PBXFrameworksBuildPhase section */

/* Begin PBXGroup section */
		71A0BB3F1C1859CD0019BBD9 = {
			isa = PBXGroup;
			children = (
				71A0BB4A1C1859CD0019BBD9 /* TestRetainCount */,
				71A0BB671C1859CD0019BBD9 /* TestRetainCountTests */,
				71A0BB721C1859CD0019BBD9 /* TestRetainCountUITests */,
				71A0BB491C1859CD0019BBD9 /* Products */,
			);
			sourceTree = "<group>";
		};
		71A0BB491C1859CD0019BBD9 /* Products */ = {
			isa = PBXGroup;
			children = (
				71A0BB481C1859CD0019BBD9 /* TestRetainCount.app */,
				71A0BB641C1859CD0019BBD9 /* TestRetainCountTests.xctest */,
				71A0BB6F1C1859CD0019BBD9 /* TestRetainCountUITests.xctest */,
			);
			name = Products;
			sourceTree = "<group>";
		};
		71A0BB4A1C1859CD0019BBD9 /* TestRetainCount */ = {
			isa = PBXGroup;
			children = (
				71A0BB4E1C1859CD0019BBD9 /* AppDelegate.h */,
				71A0BB4F1C1859CD0019BBD9 /* AppDelegate.m */,
				71A0BB511C1859CD0019BBD9 /* MasterViewController.h */,
				71A0BB521C1859CD0019BBD9 /* MasterViewController.m */,
				71A0BB541C1859CD0019BBD9 /* DetailViewController.h */,
				71A0BB551C1859CD0019BBD9 /* DetailViewController.m */,
				71A0BB571C1859CD0019BBD9 /* Main.storyboard */,
				71A0BB5A1C1859CD0019BBD9 /* Assets.xcassets */,
				71A0BB5C1C1859CD0019BBD9 /* LaunchScreen.storyboard */,
				71A0BB5F1C1859CD0019BBD9 /* Info.plist */,
				71A0BB4B1C1859CD0019BBD9 /* Supporting Files */,
			);
			path = TestRetainCount;
			sourceTree = "<group>";
		};
		71A0BB4B1C1859CD0019BBD9 /* Supporting Files */ = {
			isa = PBXGroup;
			children = (
				71A0BB4C1C1859CD0019BBD9 /* main.m */,
			);
			name = "Supporting Files";
			sourceTree = "<group>";
		};
		71A0BB671C1859CD0019BBD9 /* TestRetainCountTests */ = {
			isa = PBXGroup;
			children = (
				71A0BB681C1859CD0019BBD9 /* TestRetainCountTests.m */,
				71A0BB6A1C1859CD0019BBD9 /* Info.plist */,
			);
			path = TestRetainCountTests;
			sourceTree = "<group>";
		};
		71A0BB721C1859CD0019BBD9 /* TestRetainCountUITests */ = {
			isa = PBXGroup;
			children = (
				71A0BB731C1859CD0019BBD9 /* TestRetainCountUITests.m */,
				71A0BB751C1859CD0019BBD9 /* Info.plist */,
			);
			path = TestRetainCountUITests;
			sourceTree = "<group>";
		};
/* End PBXGroup section */

/* Begin PBXNativeTarget section */
		71A0BB471C1859CD0019BBD9 /* TestRetainCount */ = {
			isa = PBXNativeTarget;
			buildConfigurationList = 71A0BB781C1859CD0019BBD9 /* Build configuration list for PBXNativeTarget "TestRetainCount" */;
			buildPhases = (
				71A0BB441C1859CD0019BBD9 /* Sources */,
				71A0BB451C1859CD0019BBD9 /* Frameworks */,
				71A0BB461C1859CD0019BBD9 /* Resources */,
			);
			buildRules = (
			);
			dependencies = (
			);
			name = TestRetainCount;
			productName = TestRetainCount;
			productReference = 71A0BB481C1859CD0019BBD9 /* TestRetainCount.app */;
			productType = "com.apple.product-type.application";
		};
		71A0BB631C1859CD0019BBD9 /* TestRetainCountTests */ = {
			isa = PBXNativeTarget;
			buildConfigurationList = 71A0BB7B1C1859CD0019BBD9 /* Build configuration list for PBXNativeTarget "TestRetainCountTests" */;
			buildPhases = (
				71A0BB601C1859CD0019BBD9 /* Sources */,
				71A0BB611C1859CD0019BBD9 /* Frameworks */,
				71A0BB621C1859CD0019BBD9 /* Resources */,
			);
			buildRules = (
			);
			dependencies = (
				71A0BB661C1859CD0019BBD9 /* PBXTargetDependency */,
			);
			name = TestRetainCountTests;
			productName = TestRetainCountTests;
			productReference = 71A0BB641C1859CD0019BBD9 /* TestRetainCountTests.xctest */;
			productType = "com.apple.product-type.bundle.unit-test";
		};
		71A0BB6E1C1859CD0019BBD9 /* TestRetainCountUITests */ = {
			isa = PBXNativeTarget;
			buildConfigurationList = 71A0BB7E1C1859CD0019BBD9 /* Build configuration list for PBXNativeTarget "TestRetainCountUITests" */;
			buildPhases = (
				71A0BB6B1C1859CD0019BBD9 /* Sources */,
				71A0BB6C1C1859CD0019BBD9 /* Frameworks */,
				71A0BB6D1C1859CD0019BBD9 /* Resources */,
			);
			buildRules = (
			);
			dependencies = (
				71A0BB711C1859CD0019BBD9 /* PBXTargetDependency */,
			);
			name = TestRetainCountUITests;
			productName = TestRetainCountUITests;
			productReference = 71A0BB6F1C1859CD0019BBD9 /* TestRetainCountUITests.xctest */;
			productType = "com.apple.product-type.bundle.ui-testing";
		};
/* End PBXNativeTarget section */

/* Begin PBXProject section */
		71A0BB401C1859CD0019BBD9 /* Project object */ = {
			isa = PBXProject;
			attributes = {
				LastUpgradeCheck = 0700;
				ORGANIZATIONNAME = wzr;
				TargetAttributes = {
					71A0BB471C1859CD0019BBD9 = {
						CreatedOnToolsVersion = 7.0;
					};
					71A0BB631C1859CD0019BBD9 = {
						CreatedOnToolsVersion = 7.0;
						TestTargetID = 71A0BB471C1859CD0019BBD9;
					};
					71A0BB6E1C1859CD0019BBD9 = {
						CreatedOnToolsVersion = 7.0;
						TestTargetID = 71A0BB471C1859CD0019BBD9;
					};
				};
			};
			buildConfigurationList = 71A0BB431C1859CD0019BBD9 /* Build configuration list for PBXProject "TestRetainCount" */;
			compatibilityVersion = "Xcode 3.2";
			developmentRegion = English;
			hasScannedForEncodings = 0;
			knownRegions = (
				en,
				Base,
			);
			mainGroup = 71A0BB3F1C1859CD0019BBD9;
			productRefGroup = 71A0BB491C1859CD0019BBD9 /* Products */;
			projectDirPath = "";
			projectRoot = "";
			targets = (
				71A0BB471C1859CD0019BBD9 /* TestRetainCount */,
				71A0BB631C1859CD0019BBD9 /* TestRetainCountTests */,
				71A0BB6E1C1859CD0019BBD9 /* TestRetainCountUITests */,
			);
		};
/* End PBXProject section */

/* Begin PBXResourcesBuildPhase section */
		71A0BB461C1859CD0019BBD9 /* Resources */ = {
			isa = PBXResourcesBuildPhase;
			buildActionMask = 2147483647;
			files = (
				71A0BB5E1C1859CD0019BBD9 /* LaunchScreen.storyboard in Resources */,
				71A0BB5B1C1859CD0019BBD9 /* Assets.xcassets in Resources */,
				71A0BB591C1859CD0019BBD9 /* Main.storyboard in Resources */,
			);
			runOnlyForDeploymentPostprocessing = 0;
		};
		71A0BB621C1859CD0019BBD9 /* Resources */ = {
			isa = PBXResourcesBuildPhase;
			buildActionMask = 2147483647;
			files = (
			);
			runOnlyForDeploymentPostprocessing = 0;
		};
		71A0BB6D1C1859CD0019BBD9 /* Resources */ = {
			isa = PBXResourcesBuildPhase;
			buildActionMask = 2147483647;
			files = (
			);
			runOnlyForDeploymentPostprocessing = 0;
		};
/* End PBXResourcesBuildPhase section */

/* Begin PBXSourcesBuildPhase section */
		71A0BB441C1859CD0019BBD9 /* Sources */ = {
			isa = PBXSourcesBuildPhase;
			buildActionMask = 2147483647;
			files = (
				71A0BB501C1859CD0019BBD9 /* AppDelegate.m in Sources */,
				71A0BB531C1859CD0019BBD9 /* MasterViewController.m in Sources */,
				71A0BB4D1C1859CD0019BBD9 /* main.m in Sources */,
				71A0BB561C1859CD0019BBD9 /* DetailViewController.m in Sources */,
			);
			runOnlyForDeploymentPostprocessing = 0;
		};
		71A0BB601C1859CD0019BBD9 /* Sources */ = {
			isa = PBXSourcesBuildPhase;
			buildActionMask = 2147483647;
			files = (
				71A0BB691C1859CD0019BBD9 /* TestRetainCountTests.m in Sources */,
			);
			runOnlyForDeploymentPostprocessing = 0;
		};
		71A0BB6B1C1859CD0019BBD9 /* Sources */ = {
			isa = PBXSourcesBuildPhase;
			buildActionMask = 2147483647;
			files = (
				71A0BB741C1859CD0019BBD9 /* TestRetainCountUITests.m in Sources */,
			);
			runOnlyForDeploymentPostprocessing = 0;
		};
/* End PBXSourcesBuildPhase section */

/* Begin PBXTargetDependency section */
		71A0BB661C1859CD0019BBD9 /* PBXTargetDependency */ = {
			isa = PBXTargetDependency;
			target = 71A0BB471C1859CD0019BBD9 /* TestRetainCount */;
			targetProxy = 71A0BB651C1859CD0019BBD9 /* PBXContainerItemProxy */;
		};
		71A0BB711C1859CD0019BBD9 /* PBXTargetDependency */ = {
			isa = PBXTargetDependency;
			target = 71A0BB471C1859CD0019BBD9 /* TestRetainCount */;
			targetProxy = 71A0BB701C1859CD0019BBD9 /* PBXContainerItemProxy */;
		};
/* End PBXTargetDependency section */

/* Begin PBXVariantGroup section */
		71A0BB571C1859CD0019BBD9 /* Main.storyboard */ = {
			isa = PBXVariantGroup;
			children = (
				71A0BB581C1859CD0019BBD9 /* Base */,
			);
			name = Main.storyboard;
			sourceTree = "<group>";
		};
		71A0BB5C1C1859CD0019BBD9 /* LaunchScreen.storyboard */ = {
			isa = PBXVariantGroup;
			children = (
				71A0BB5D1C1859CD0019BBD9 /* Base */,
			);
			name = LaunchScreen.storyboard;
			sourceTree = "<group>";
		};
/* End PBXVariantGroup section */

/* Begin XCBuildConfiguration section */
		71A0BB761C1859CD0019BBD9 /* Debug */ = {
			isa = XCBuildConfiguration;
			buildSettings = {
				ALWAYS_SEARCH_USER_PATHS = NO;
				CLANG_CXX_LANGUAGE_STANDARD = "gnu++0x";
				CLANG_CXX_LIBRARY = "libc++";
				CLANG_ENABLE_MODULES = YES;
				CLANG_ENABLE_OBJC_ARC = YES;
				CLANG_WARN_BOOL_CONVERSION = YES;
				CLANG_WARN_CONSTANT_CONVERSION = YES;
				CLANG_WARN_DIRECT_OBJC_ISA_USAGE = YES_ERROR;
				CLANG_WARN_EMPTY_BODY = YES;
				CLANG_WARN_ENUM_CONVERSION = YES;
				CLANG_WARN_INT_CONVERSION = YES;
				CLANG_WARN_OBJC_ROOT_CLASS = YES_ERROR;
				CLANG_WARN_UNREACHABLE_CODE = YES;
				CLANG_WARN__DUPLICATE_METHOD_MATCH = YES;
				"CODE_SIGN_IDENTITY[sdk=iphoneos*]" = "iPhone Developer";
				COPY_PHASE_STRIP = NO;
				DEBUG_INFORMATION_FORMAT = dwarf;
				ENABLE_STRICT_OBJC_MSGSEND = YES;
				ENABLE_TESTABILITY = YES;
				GCC_C_LANGUAGE_STANDARD = gnu99;
				GCC_DYNAMIC_NO_PIC = NO;
				GCC_NO_COMMON_BLOCKS = YES;
				GCC_OPTIMIZATION_LEVEL = 0;
				GCC_PREPROCESSOR_DEFINITIONS = (
					"DEBUG=1",
					"$(inherited)",
				);
				GCC_WARN_64_TO_32_BIT_CONVERSION = YES;
				GCC_WARN_ABOUT_RETURN_TYPE = YES_ERROR;
				GCC_WARN_UNDECLARED_SELECTOR = YES;
				GCC_WARN_UNINITIALIZED_AUTOS = YES_AGGRESSIVE;
				GCC_WARN_UNUSED_FUNCTION = YES;
				GCC_WARN_UNUSED_VARIABLE = YES;
				IPHONEOS_DEPLOYMENT_TARGET = 9.0;
				MTL_ENABLE_DEBUG_INFO = YES;
				ONLY_ACTIVE_ARCH = YES;
				SDKROOT = iphoneos;
				TARGETED_DEVICE_FAMILY = "1,2";
			};
			name = Debug;
		};
		71A0BB771C1859CD0019BBD9 /* Release */ = {
			isa = XCBuildConfiguration;
			buildSettings = {
				ALWAYS_SEARCH_USER_PATHS = NO;
				CLANG_CXX_LANGUAGE_STANDARD = "gnu++0x";
				CLANG_CXX_LIBRARY = "libc++";
				CLANG_ENABLE_MODULES = YES;
				CLANG_ENABLE_OBJC_ARC = YES;
				CLANG_WARN_BOOL_CONVERSION = YES;
				CLANG_WARN_CONSTANT_CONVERSION = YES;
				CLANG_WARN_DIRECT_OBJC_ISA_USAGE = YES_ERROR;
				CLANG_WARN_EMPTY_BODY = YES;
				CLANG_WARN_ENUM_CONVERSION = YES;
				CLANG_WARN_INT_CONVERSION = YES;
				CLANG_WARN_OBJC_ROOT_CLASS = YES_ERROR;
				CLANG_WARN_UNREACHABLE_CODE = YES;
				CLANG_WARN__DUPLICATE_METHOD_MATCH = YES;
				"CODE_SIGN_IDENTITY[sdk=iphoneos*]" = "iPhone Developer";
				COPY_PHASE_STRIP = NO;
				DEBUG_INFORMATION_FORMAT = "dwarf-with-dsym";
				ENABLE_NS_ASSERTIONS = NO;
				ENABLE_STRICT_OBJC_MSGSEND = YES;
				GCC_C_LANGUAGE_STANDARD = gnu99;
				GCC_NO_COMMON_BLOCKS = YES;
				GCC_WARN_64_TO_32_BIT_CONVERSION = YES;
				GCC_WARN_ABOUT_RETURN_TYPE = YES_ERROR;
				GCC_WARN_UNDECLARED_SELECTOR = YES;
				GCC_WARN_UNINITIALIZED_AUTOS = YES_AGGRESSIVE;
				GCC_WARN_UNUSED_FUNCTION = YES;
				GCC_WARN_UNUSED_VARIABLE = YES;
				IPHONEOS_DEPLOYMENT_TARGET = 9.0;
				MTL_ENABLE_DEBUG_INFO = NO;
				SDKROOT = iphoneos;
				TARGETED_DEVICE_FAMILY = "1,2";
				VALIDATE_PRODUCT = YES;
			};
			name = Release;
		};
		71A0BB791C1859CD0019BBD9 /* Debug */ = {
			isa = XCBuildConfiguration;
			buildSettings = {
				ASSETCATALOG_COMPILER_APPICON_NAME = AppIcon;
				INFOPLIST_FILE = TestRetainCount/Info.plist;
				LD_RUNPATH_SEARCH_PATHS = "$(inherited) @executable_path/Frameworks";
				PRODUCT_BUNDLE_IDENTIFIER = com.wzr.www.TestRetainCount;
				PRODUCT_NAME = "$(TARGET_NAME)";
			};
			name = Debug;
		};
		71A0BB7A1C1859CD0019BBD9 /* Release */ = {
			isa = XCBuildConfiguration;
			buildSettings = {
				ASSETCATALOG_COMPILER_APPICON_NAME = AppIcon;
				INFOPLIST_FILE = TestRetainCount/Info.plist;
				LD_RUNPATH_SEARCH_PATHS = "$(inherited) @executable_path/Frameworks";
				PRODUCT_BUNDLE_IDENTIFIER = com.wzr.www.TestRetainCount;
				PRODUCT_NAME = "$(TARGET_NAME)";
			};
			name = Release;
		};
		71A0BB7C1C1859CD0019BBD9 /* Debug */ = {
			isa = XCBuildConfiguration;
			buildSettings = {
				BUNDLE_LOADER = "$(TEST_HOST)";
				INFOPLIST_FILE = TestRetainCountTests/Info.plist;
				LD_RUNPATH_SEARCH_PATHS = "$(inherited) @executable_path/Frameworks @loader_path/Frameworks";
				PRODUCT_BUNDLE_IDENTIFIER = com.wzr.www.TestRetainCountTests;
				PRODUCT_NAME = "$(TARGET_NAME)";
				TEST_HOST = "$(BUILT_PRODUCTS_DIR)/TestRetainCount.app/TestRetainCount";
			};
			name = Debug;
		};
		71A0BB7D1C1859CD0019BBD9 /* Release */ = {
			isa = XCBuildConfiguration;
			buildSettings = {
				BUNDLE_LOADER = "$(TEST_HOST)";
				INFOPLIST_FILE = TestRetainCountTests/Info.plist;
				LD_RUNPATH_SEARCH_PATHS = "$(inherited) @executable_path/Frameworks @loader_path/Frameworks";
				PRODUCT_BUNDLE_IDENTIFIER = com.wzr.www.TestRetainCountTests;
				PRODUCT_NAME = "$(TARGET_NAME)";
				TEST_HOST = "$(BUILT_PRODUCTS_DIR)/TestRetainCount.app/TestRetainCount";
			};
			name = Release;
		};
		71A0BB7F1C1859CD0019BBD9 /* Debug */ = {
			isa = XCBuildConfiguration;
			buildSettings = {
				INFOPLIST_FILE = TestRetainCountUITests/Info.plist;
				LD_RUNPATH_SEARCH_PATHS = "$(inherited) @executable_path/Frameworks @loader_path/Frameworks";
				PRODUCT_BUNDLE_IDENTIFIER = com.wzr.www.TestRetainCountUITests;
				PRODUCT_NAME = "$(TARGET_NAME)";
				TEST_TARGET_NAME = TestRetainCount;
				USES_XCTRUNNER = YES;
			};
			name = Debug;
		};
		71A0BB801C1859CD0019BBD9 /* Release */ = {
			isa = XCBuildConfiguration;
			buildSettings = {
				INFOPLIST_FILE = TestRetainCountUITests/Info.plist;
				LD_RUNPATH_SEARCH_PATHS = "$(inherited) @executable_path/Frameworks @loader_path/Frameworks";
				PRODUCT_BUNDLE_IDENTIFIER = com.wzr.www.TestRetainCountUITests;
				PRODUCT_NAME = "$(TARGET_NAME)";
				TEST_TARGET_NAME = TestRetainCount;
				USES_XCTRUNNER = YES;
			};
			name = Release;
		};
/* End XCBuildConfiguration section */

/* Begin XCConfigurationList section */
		71A0BB431C1859CD0019BBD9 /* Build configuration list for PBXProject "TestRetainCount" */ = {
			isa = XCConfigurationList;
			buildConfigurations = (
				71A0BB761C1859CD0019BBD9 /* Debug */,
				71A0BB771C1859CD0019BBD9 /* Release */,
			);
			defaultConfigurationIsVisible = 0;
			defaultConfigurationName = Release;
		};
		71A0BB781C1859CD0019BBD9 /* Build configuration list for PBXNativeTarget "TestRetainCount" */ = {
			isa = XCConfigurationList;
			buildConfigurations = (
				71A0BB791C1859CD0019BBD9 /* Debug */,
				71A0BB7A1C1859CD0019BBD9 /* Release */,
			);
			defaultConfigurationIsVisible = 0;
		};
		71A0BB7B1C1859CD0019BBD9 /* Build configuration list for PBXNativeTarget "TestRetainCountTests" */ = {
			isa = XCConfigurationList;
			buildConfigurations = (
				71A0BB7C1C1859CD0019BBD9 /* Debug */,
				71A0BB7D1C1859CD0019BBD9 /* Release */,
			);
			defaultConfigurationIsVisible = 0;
		};
		71A0BB7E1C1859CD0019BBD9 /* Build configuration list for PBXNativeTarget "TestRetainCountUITests" */ = {
			isa = XCConfigurationList;
			buildConfigurations = (
				71A0BB7F1C1859CD0019BBD9 /* Debug */,
				71A0BB801C1859CD0019BBD9 /* Release */,
			);
			defaultConfigurationIsVisible = 0;
		};
/* End XCConfigurationList section */
	};
	rootObject = 71A0BB401C1859CD0019BBD9 /* Project object */;
}
